
Microsoft Visual Studio Solution File, Format Version 12.00
# Visual Studio 2012
Project("{FAE04EC0-301F-11D3-BF4B-00C04F79EFBC}") = "AlertService", "AlertService\AlertService.csproj", "{ECD7BCA5-6B8F-40AD-BF77-4B6FA67BE00F}"
EndProject
Global
	GlobalSection(SolutionConfigurationPlatforms) = preSolution
		Debug|Any CPU = Debug|Any CPU
		Release|Any CPU = Release|Any CPU
	EndGlobalSection
	GlobalSection(ProjectConfigurationPlatforms) = postSolution
		{ECD7BCA5-6B8F-40AD-BF77-4B6FA67BE00F}.Debug|Any CPU.ActiveCfg = Debug|Any CPU
		{ECD7BCA5-6B8F-40AD-BF77-4B6FA67BE00F}.Debug|Any CPU.Build.0 = Debug|Any CPU
		{ECD7BCA5-6B8F-40AD-BF77-4B6FA67BE00F}.Release|Any CPU.ActiveCfg = Release|Any CPU
		{ECD7BCA5-6B8F-40AD-BF77-4B6FA67BE00F}.Release|Any CPU.Build.0 = Release|Any CPU
	EndGlobalSection
	GlobalSection(SolutionProperties) = preSolution
		HideSolutionNode = FALSE
	EndGlobalSection
EndGlobal
